# This file is automatically @generated by Cargo.
# It is not intended for manual editing.
version = 4

[[package]]
name = "boxer"
version = "0.1.0"
dependencies = [
 "cons_list",
]

[[package]]
name = "cons_list"
version = "0.1.0"

[[package]]
name = "cycle_leak"
version = "0.1.0"

[[package]]
name = "rc_pointer"
version = "0.1.0"

[[package]]
name = "ref_cell_pointer"
version = "0.1.0"
